{
  "version": "5",
  "specifiers": {
    "jsr:@std/assert@1.0.19": "1.0.19",
    "jsr:@std/internal@^1.0.12": "1.0.14",
    "npm:@supabase/supabase-js@2.117.2": "2.117.2",
    "npm:supabase@2.118.0": "2.118.0",
    "npm:zod@3.23.8": "3.23.8"
  },
  "jsr": {
    "@std/assert@1.0.19": {
      "integrity": "eaada96ee120cb980bc47e040f82814d786fe8162ecc53c91d8df60b8755991e",
      "dependencies": [
        "jsr:@std/internal"
      ]
    },
    "@std/internal@1.0.14": {
      "integrity": "291516b3d4c35024d6ffbc0a9df5bf4c64116e05b50012cf846710152d2ffdf7"
    }
  },
  "npm": {
    "@ecies/ciphers@0.2.6_@noble+ciphers@1.3.0": {
      "integrity": "sha512-patgsRPKGkhhoBjETV4XxD0En4ui5fbX0hzayqI3M8tvNMGUoUvmyYAIWwlxBc1KX5cturfqByYdj5bYGRpN9g==",
      "dependencies": [
        "@noble/ciphers"
      ]
    },
    "@noble/ciphers@1.3.0": {
      "integrity": "sha512-2I0gnIVPtfnMw9ee9h1dJG7tp81+8Ob3OJb3Mv37rx5L40/b0i7djjCVvGOVqc9AEIQyvyu1i6ypKdFw8R8gQw=="
    },
    "@noble/curves@1.9.7": {
      "integrity": "sha512-gbKGcRUYIjA3/zCCNaWDciTMFI0dCkvou3TL8Zmy5Nc7sJ47a0jtOeZoTaMxkuqRo9cRhjOdZJXegxYE5FN/xw==",
      "dependencies": [
        "@noble/hashes"
      ]
    },
    "@noble/hashes@1.8.0": {
      "integrity": "sha512-jCs9ldd7NwzpgXDIf6P3+NrHh9/sD6CQdxHyjQI+h/6rDNo88ypBxxz45UDuZHz9r3tNz7N/VInSVoVdtXEI4A=="
    },
    "@supabase/auth-js@2.117.2": {
      "integrity": "sha512-Z3WnGwrphYZubrLbxp5Iv0tLA9A5GhvKzJ/ZXglxqwd2QEH2R4dXRltjVJ8sIn4xEW2BSFIGT0yALVJIgZeDYw==",
      "dependencies": [
        "tslib"
      ]
    },
    "@supabase/cli-darwin-arm64@2.118.0": {
      "integrity": "sha512-48W7wkHIVNgwSz4zr+xsC94la1PytCpudOw5w9qJWAISyBWRXMFBCEMb9aVIEG8S9OcLb4X1KZy4PPA/T+f7NQ==",
      "os": ["darwin"],
      "cpu": ["arm64"]
    },
    "@supabase/cli-darwin-x64@2.118.0": {
      "integrity": "sha512-r6z41S0ycJiy2cO6sbJA7kPCodpAus6b3Km+qyn2zYlnTLN0nbscYnKxrZf/rJNR+S+sdpOZXgdQjGc/z5jvXw==",
      "os": ["darwin"],
      "cpu": ["x64"]
    },
    "@supabase/cli-linux-arm64-musl@2.118.0": {
      "integrity": "sha512-8yXIa+9g3FVVlnUAZ9wB1NEP6kvO0tpqQkDs3wqmb6btLD1MYosD/2/ZazSkpEHiKOwKUSymvUg0OgqI7a1gpw==",
      "os": ["linux"],
      "cpu": ["arm64"]
    },
    "@supabase/cli-linux-arm64@2.118.0": {
      "integrity": "sha512-gYjOTnsYgwC68suoFALaXo87KvluXMjdWuo26a7hyD8vLeRJrmX+dpdxgegckQ7wxz8V1iotSBQU6Hd44FEDqw==",
      "os": ["linux"],
      "cpu": ["arm64"]
    },
    "@supabase/cli-linux-x64-musl@2.118.0": {
      "integrity": "sha512-baHVTKJ8OehCXIt6pjHFRXofoUqQzve+43lRKKeVlcgDmgHHTTaF/wTpNvQ86IhoDRkiQTuHQkDG8I5GtHdvEA==",
      "os": ["linux"],
      "cpu": ["x64"]
    },
    "@supabase/cli-linux-x64@2.118.0": {
      "integrity": "sha512-nHm27uv15iu4xIQZRC++CS4uKYU9HuFn9HiOf407620OQ3cCp70fLT59grFlYQ+bqM7Zrv/GmEZHdgR8UO65RA==",
      "os": ["linux"],
      "cpu": ["x64"]
    },
    "@supabase/cli-windows-arm64@2.118.0": {
      "integrity": "sha512-wd592HmQQ7DsGjnwDHILJfFlsRBQ8Q6wwjX5AXRmqznsj3NOPfFzZm2GtV8hJIj1Ttsf7B8N1DqW/0ta7kU4oQ==",
      "os": ["win32"],
      "cpu": ["arm64"]
    },
    "@supabase/cli-windows-x64@2.118.0": {
      "integrity": "sha512-qVAJL532b5pB8uJAPA/+3+wtwM/DX1GxwVLCSDmiT6wfUBD6OJcCYRXCEaUx0YjupyaDoPeuP4BF7IfkQTajww==",
      "os": ["win32"],
      "cpu": ["x64"]
    },
    "@supabase/functions-js@2.117.2": {
      "integrity": "sha512-6DT4ZIjmZxa9ANKaBIrjc86AyKrX8M376ynvNeOBBVad3eP7x3UHqWfDR2ynFkHGzCuOpr1A+kObmnahxuwuog==",
      "dependencies": [
        "tslib"
      ]
    },
    "@supabase/phoenix@0.4.5": {
      "integrity": "sha512-aAn9H9ovVyeApKy11OWOrrOGq8DV68yWeH4ud2lN9fzn4aO8Zb5GLL9m1pUg9nLqIcT+ZDfAcsZe0E/nqdv2lw=="
    },
    "@supabase/postgrest-js@2.117.2": {
      "integrity": "sha512-V1Qhn+M8xzJqCasOxHZ2KG19Fj39PxU7weEAmOK65/KTsWCRXboB4hcQwFvxRvM7ZikeP9IZWNvQkfjvSxzYFw==",
      "dependencies": [
        "tslib"
      ]
    },
    "@supabase/realtime-js@2.117.2": {
      "integrity": "sha512-lYXSAIg3eAKA58riUED6Vb+TCzF8jtx18uOoiCaVJ7ZMre6FWBpwB1MPeW+B6vykJT/hPdiuqwcSB7ILMS21ew==",
      "dependencies": [
        "@supabase/phoenix",
        "tslib"
      ]
    },
    "@supabase/storage-js@2.117.2": {
      "integrity": "sha512-8gAJoVaxZa/War2kFRfJMxGk4M190Q7lJ70BofwGlRxU/u9pIodd6XyTvmXkxOKXWuIYtkDaYPZrIAUt1T/7FQ==",
      "dependencies": [
        "iceberg-js",
        "tslib"
      ]
    },
    "@supabase/supabase-js@2.117.2": {
      "integrity": "sha512-eSG2VKnHR+Clp1PmidZ1/weJ8PJwoybjva3L2GgKqFG4YDS1Iqmc61psKGZP5xw6OMT2O7ZorPR42PY6q1BOXg==",
      "dependencies": [
        "@supabase/auth-js",
        "@supabase/functions-js",
        "@supabase/postgrest-js",
        "@supabase/realtime-js",
        "@supabase/storage-js"
      ]
    },
    "eciesjs@0.5.0_@noble+ciphers@1.3.0": {
      "integrity": "sha512-s0J9SEVYAEPg7J63GFMApLYzPH9VNIQIyC6s15JpnqVc0TqcKWdbgFlnAweEBRyMmko2dcs2sfC83Hj4J43tuA==",
      "dependencies": [
        "@ecies/ciphers",
        "@noble/ciphers",
        "@noble/curves",
        "@noble/hashes"
      ]
    },
    "iceberg-js@0.8.1": {
      "integrity": "sha512-1dhVQZXhcHje7798IVM+xoo/1ZdVfzOMIc8/rgVSijRK38EDqOJoGula9N/8ZI5RD8QTxNQtK/Gozpr+qUqRRA=="
    },
    "jose@6.2.12": {
      "integrity": "sha512-9NiFmJEex0sy2Dk58j2UGBSHgUs2ypF9eZSu4L6vjOX3Dp96Sw1F3uL+H+D1sx02jZZdzUT0HgvCy59CuvXcWw=="
    },
    "supabase@2.118.0": {
      "integrity": "sha512-0aPIlzBSBLwbJZCMZKD1QAwlc4xNnNvvk07QuSuuKBKzGLSeV3GovgTLlMKFTJ4JWfJubWF0URPLuPUr0kZr5g==",
      "dependencies": [
        "eciesjs",
        "jose"
      ],
      "optionalDependencies": [
        "@supabase/cli-darwin-arm64",
        "@supabase/cli-darwin-x64",
        "@supabase/cli-linux-arm64",
        "@supabase/cli-linux-arm64-musl",
        "@supabase/cli-linux-x64",
        "@supabase/cli-linux-x64-musl",
        "@supabase/cli-windows-arm64",
        "@supabase/cli-windows-x64"
      ],
      "bin": true
    },
    "tslib@2.8.1": {
      "integrity": "sha512-oJFu94HQb+KVduSUQL7wnpmqnfmLsOA/nAh6b6EH0wCEoK0/mPeXU6c3wKDV83MkOuHPRHtSXKKU99IBazS/2w=="
    },
    "zod@3.23.8": {
      "integrity": "sha512-XBx9AXhXktjUqnepgTiE5flcKIYWi/rme0Eaj+5Y0lftuGBq+jyRu/md4WnuxqgP1ubdpNCsYEYPxrzVHD8d6g=="
    }
  },
  "workspace": {
    "dependencies": [
      "jsr:@std/assert@1.0.19",
      "npm:@supabase/supabase-js@2.117.2",
      "npm:zod@3.23.8"
    ],
    "packageJson": {
      "dependencies": [
        "npm:supabase@2.118.0"
      ]
    }
  }
}
